%{
  "earmark_parser": {:hex, :earmark_parser, "1.4.44", "f20830dd6b5c77afe2b063777ddbbff09f9759396500cdbe7523efd58d7a339c", [:mix], [], "hexpm", "4778ac752b4701a5599215f7030989c989ffdc4f6df457c5f36938cc2d2a2750"},
  "ex_doc": {:hex, :ex_doc, "0.39.1", "e19d356a1ba1e8f8cfc79ce1c3f83884b6abfcb79329d435d4bbb3e97ccc286e", [:mix], [{:earmark_parser, "~> 1.4.44", [hex: :earmark_parser, repo: "hexpm", optional: false]}, {:makeup_c, ">= 0.1.0", [hex: :makeup_c, repo: "hexpm", optional: true]}, {:makeup_elixir, "~> 0.14 or ~> 1.0", [hex: :makeup_elixir, repo: "hexpm", optional: false]}, {:makeup_erlang, "~> 0.1 or ~> 1.0", [hex: :makeup_erlang, repo: "hexpm", optional: false]}, {:makeup_html, ">= 0.1.0", [hex: :makeup_html, repo: "hexpm", optional: true]}], "hexpm", "8abf0ed3e3ca87c0847dfc4168ceab5bedfe881692f1b7c45f4a11b232806865"},
  "gproc": {:hex, :gproc, "0.9.1", "f1df0364423539cf0b80e8201c8b1839e229e5f9b3ccb944c5834626998f5b8c", [:rebar3], [], "hexpm", "905088e32e72127ed9466f0bac0d8e65704ca5e73ee5a62cb073c3117916d507"},
  "jiffy": {:hex, :jiffy, "1.1.2", "a9b6c9a7ec268e7cf493d028f0a4c9144f59ccb878b1afe42841597800840a1b", [:rebar3], [], "hexpm", "bb61bc42a720bbd33cb09a410e48bb79a61012c74cb8b3e75f26d988485cf381"},
  "macula": {:hex, :macula, "0.3.4", "4078b10b81907164aabae6881e8bd221b7f435c27a004a36e4186128448c3157", [:rebar3], [{:gproc, "~> 0.9.1", [hex: :gproc, repo: "hexpm", optional: false]}, {:jiffy, "~> 1.1.2", [hex: :jiffy, repo: "hexpm", optional: false]}, {:msgpack, "~> 0.8.1", [hex: :msgpack, repo: "hexpm", optional: false]}, {:quicer, "~> 0.2.15", [hex: :quicer, repo: "hexpm", optional: false]}], "hexpm", "47ae5ac57f2978de4f7b3dd910676a361b514a9d5445f5e6f081b8a575772ad7"},
  "makeup": {:hex, :makeup, "1.2.1", "e90ac1c65589ef354378def3ba19d401e739ee7ee06fb47f94c687016e3713d1", [:mix], [{:nimble_parsec, "~> 1.4", [hex: :nimble_parsec, repo: "hexpm", optional: false]}], "hexpm", "d36484867b0bae0fea568d10131197a4c2e47056a6fbe84922bf6ba71c8d17ce"},
  "makeup_elixir": {:hex, :makeup_elixir, "1.0.1", "e928a4f984e795e41e3abd27bfc09f51db16ab8ba1aebdba2b3a575437efafc2", [:mix], [{:makeup, "~> 1.0", [hex: :makeup, repo: "hexpm", optional: false]}, {:nimble_parsec, "~> 1.2.3 or ~> 1.3", [hex: :nimble_parsec, repo: "hexpm", optional: false]}], "hexpm", "7284900d412a3e5cfd97fdaed4f5ed389b8f2b4cb49efc0eb3bd10e2febf9507"},
  "makeup_erlang": {:hex, :makeup_erlang, "1.0.2", "03e1804074b3aa64d5fad7aa64601ed0fb395337b982d9bcf04029d68d51b6a7", [:mix], [{:makeup, "~> 1.0", [hex: :makeup, repo: "hexpm", optional: false]}], "hexpm", "af33ff7ef368d5893e4a267933e7744e46ce3cf1f61e2dccf53a111ed3aa3727"},
  "msgpack": {:hex, :msgpack, "0.8.1", "deb35c13291eafe56ad9870374c2eaa92323dc5503d50432ebcaf47052e6d343", [:rebar3], [], "hexpm", "04d9a75bc6f4bed8627ee1e7aa9df37601f510fdc786a84fe932bb21d765565f"},
  "nimble_parsec": {:hex, :nimble_parsec, "1.4.2", "8efba0122db06df95bfaa78f791344a89352ba04baedd3849593bfce4d0dc1c6", [:mix], [], "hexpm", "4b21398942dda052b403bbe1da991ccd03a053668d147d53fb8c4e0efe09c973"},
  "quicer": {:hex, :quicer, "0.2.15", "775fcfa09c9ce5a4a00d23c1c8b1e81cd361ebc847e43bb766efac4373cdb1b8", [:rebar3], [{:snabbkaffe, "1.0.10", [hex: :snabbkaffe, repo: "hexpm", optional: false]}], "hexpm", "52236d9384a541341706bcae438e81b209fa21d2045d3df317f8ba5beda6a8e5"},
  "snabbkaffe": {:hex, :snabbkaffe, "1.0.10", "9be2f54f61fc6862391b666b2b5b76c3fa53598e2989a17cef1b48cf347a8a63", [:rebar3], [], "hexpm", "70a98df36ae756908d55b5770891d443d63c903833e3e87d544036e13d4fac26"},
}
